{
    "_meta": {
        "hash": {
            "sha256": "ff76928daea02f21bfb03eaf4b3332e320043209da82231e786200944501599a"
        },
        "pipfile-spec": 6,
        "requires": {
            "python_version": " 3.10.6"
        },
        "sources": [
            {
                "name": "pypi",
                "url": "https://pypi.org/simple",
                "verify_ssl": true
            }
        ]
    },
    "default": {
        "apscheduler": {
            "hashes": [
                "sha256:4c622d250b0955a65d5d0eb91c33e6d43fd879834bf541e0a18661ae60460133",
                "sha256:fc134ca32e50f5eadcc4938e3a4545ab19131435e851abb40b34d63d5141c6da"
            ],
            "index": "pypi",
            "markers": "python_version >= '3.8'",
            "version": "==3.11.0"
        },
        "bcrypt": {
            "hashes": [
                "sha256:3a3fd2204178b6d2adcf09cb4f6426ffef54762577a7c9b54c159008cb288c18",
                "sha256:584027857bc2843772114717a7490a37f68da563b3620f78a849bcb54dc11e62",
                "sha256:e53e074b120f2877a35cc6c736b8eb161377caae8925c17688bd46ba56daaa5b"
            ],
            "index": "pypi",
            "markers": "python_version >= '3.8'",
            "version": "==4.3.0"
        },
        "blinker": {
            "hashes": [
                "sha256:b4ce2265a7abece45e7cc896e98dbebe6cead56bcf805a3d23136d145f5445bf",
                "sha256:ba0efaa9080b619ff2f3459d1d500c57bddea4a6b424b60a91141db6fd2f08bc"
            ],
            "markers": "python_version >= '3.9'",
            "version": "==1.9.0"
        },
        "branca": {
            "hashes": [
                "sha256:ac397c2d79bd13af0d04193b26d5ed17031d27609a7f1fab50c438b8ae712390",
                "sha256:d29c5fab31f7c21a92e34bf3f854234e29fecdcf5d2df306b616f20d816be425"
            ],
            "markers": "python_version >= '3.7'",
            "version": "==0.8.1"
        },
        "certifi": {
            "hashes": [
                "sha256:3d5da6925056f6f18f119200434a4780a94263f10d1c21d032a6f6b2baa20651",
                "sha256:ca78db4565a652026a4db2bcdf68f2fb589ea80d0be70e03929ed730746b84fe"
            ],
            "markers": "python_version >= '3.6'",
            "version": "==2025.1.31"
        },
        "charset-normalizer": {
            "hashes": [
                "sha256:44251f18cd68a75b56585dd00dae26183e102cd5e0f9f1466e6df5da2ed64ea3",
                "sha256:9f0b8b1c6d84c8034a44893aba5e767bf9c7a211e313a9605d9c617d7083829f",
                "sha256:d98b1668f06378c6dbefec3b92299716b931cd4e6061f3c875a71ced1780ab85"
            ],
            "markers": "python_version >= '3.7'",
            "version": "==3.4.1"
        },
        "click": {
            "hashes": [
                "sha256:63c132bbbed01578a06712a2d1f497bb62d9c1c0d329b7903a866228027263b2",
                "sha256:ed53c9d8990d83c2a27deae68e4ee337473f6330c040a31d4225c9574d16096a"
            ],
            "markers": "python_version >= '3.7'",
            "version": "==8.1.8"
        },
        "colorama": {
            "hashes": [
                "sha256:08695f5cb7ed6e0531a20572697297273c47b8cae5a63ffc6d6ed5c201be6e44",
                "sha256:4f1d9991f5acc0ca119f9d443620b77f9d6b33703e51011c16baf57afb285fc6"
            ],
            "markers": "platform_system == 'Windows'",
            "version": "==0.4.6"
        },
        "flask": {
            "hashes": [
                "sha256:5f873c5184c897c8d9d1b05df1e3d01b14910ce69607a117bd3277098a5836ac",
                "sha256:d667207822eb83f1c4b50949b1623c8fc8d51f2341d65f72e1a1815397551136"
            ],
            "index": "pypi",
            "markers": "python_version >= '3.9'",
            "version": "==3.1.0"
        },
        "flask-admin": {
            "hashes": [
                "sha256:24cae2af832b6a611a01d7dc35f42d266c1d6c75a426b869d8cb241b78233369",
                "sha256:fd8190f1ec3355913a22739c46ed3623f1d82b8112cde324c60a6fc9b21c9406"
            ],
            "index": "pypi",
            "markers": "python_version >= '3.6'",
            "version": "==1.6.1"
        },
        "flask-wtf": {
            "hashes": [
                "sha256:79d2ee1e436cf570bccb7d916533fa18757a2f18c290accffab1b9a0b684666b",
                "sha256:e93160c5c5b6b571cf99300b6e01b72f9a101027cab1579901f8b10c5daf0b70"
            ],
            "markers": "python_version >= '3.9'",
            "version": "==1.2.2"
        },
        "folium": {
            "hashes": [
                "sha256:103ef92d7738b91972f4531211f76eee3f38c88be03111bbd6a5e65c69d084df",
                "sha256:4333fb3e6f3e9eedb231615d22c6d7df20aea5829554bd6908675865a37803b3"
            ],
            "index": "pypi",
            "markers": "python_version >= '3.9'",
            "version": "==0.19.5"
        },
        "gunicorn": {
            "hashes": [
                "sha256:ec400d38950de4dfd418cff8328b2c8faed0edb0d517d3394e457c317908ca4d",
                "sha256:f014447a0101dc57e294f6c18ca6b40227a4c90e9bdb586042628030cba004ec"
            ],
            "index": "pypi",
            "markers": "python_version >= '3.7'",
            "version": "==23.0.0"
        },
        "idna": {
            "hashes": [
                "sha256:12f65c9b470abda6dc35cf8e63cc574b1c52b11df2c86030af0ac09b01b13ea9",
                "sha256:946d195a0d259cbba61165e88e65941f16e9b36ea6ddb97f00452bae8b1287d3"
            ],
            "markers": "python_version >= '3.6'",
            "version": "==3.10"
        },
        "itsdangerous": {
            "hashes": [
                "sha256:c6242fc49e35958c8b15141343aa660db5fc54d4f13a1db01a3f5891b98700ef",
                "sha256:e0050c0b7da1eea53ffaf149c0cfbb5c6e2e2b69c4bef22c81fa6eb73e5f6173"
            ],
            "markers": "python_version >= '3.8'",
            "version": "==2.2.0"
        },
        "jinja2": {
            "hashes": [
                "sha256:0137fb05990d35f1275a587e9aee6d56da821fc83491a0fb838183be43f66d6d",
                "sha256:85ece4451f492d0c13c5dd7c13a64681a86afae63a5f347908daf103ce6d2f67"
            ],
            "markers": "python_version >= '3.7'",
            "version": "==3.1.6"
        },
        "markupsafe": {
            "hashes": [
                "sha256:6af100e168aa82a50e186c82875a5893c5597a0c1ccdb0d8b40240b1f28b969a",
                "sha256:ee55d3edf80167e48ea11a923c7386f4669df67d7994554387f84e7d8b0a2bf0"
            ],
            "markers": "python_version >= '3.9'",
            "version": "==3.0.2"
        },
        "mysql-connector-python": {
            "hashes": [
                "sha256:0aedee809e1f8dbab6b2732f51ee1619b54a56d15b9070655bc31fb822c1a015",
                "sha256:1916256ecd039f4673715550d28138416bac5962335e06d36f7434c47feb5232",
                "sha256:2589af070babdff9c920ee37f929218d80afa704f4e2a99f1ddcb13d19de4450",
                "sha256:2a5de57814217077a8672063167b616b1034a37b614b93abcb602cc0b8c6fade",
                "sha256:3853799f4b719357ea25eba05f5f278a158a85a5c8209b3d058947a948bc9262",
                "sha256:4364d3a37c449f1c0bb9e52fd4eddc620126b9897b6b9f2fd1b3f33dacc16356",
                "sha256:495798dd34445d749991fb3a2aa87b4205100676939556d8d4aab5d5558e7a1f",
                "sha256:5508ff6b79d8d46b15791401784a1b5abd10c8e05aec2684c4a50e92c5893cd2",
                "sha256:55d4a8ace6f97d58d9318d1250d903b0d3b100a6b798442a99c4ac966b974d12",
                "sha256:66d48ec0ee903a84bcaf5d4d1901ed536fdd90ce6ecae0686f094b4530faf545",
                "sha256:8ab7719d614cf5463521082fab86afc21ada504b538166090e00eeaa1ff729bc",
                "sha256:8c79b500f1f9f12761426199d0498309ee5d20c94ed94fc8ae356679667f8181",
                "sha256:9516a4cdbaee3c9200f0e7d9aafb31057692f45c202cdcb43a3f9b37c94e7c84",
                "sha256:9c898c5f3e34314ed825f2ffdd52d674e03d59c45d02ac8083a8ec5173c1e0f8",
                "sha256:9cc8d3c2f45d16b064b0063db857f8a7187b8659253dd32e3f19df1bf1d55ea0",
                "sha256:ac70a7128f7e690dc0f4376be8366c7e5c8fa47a785232b8abba948576f016ff",
                "sha256:be0ef15f6023ae2037347498f005a4471f694f8a6b8384c3194895e153120286",
                "sha256:cb72fcda90b616f0b2d3dae257441e06e8896b2780c3dddc6a65275ec1408d9a",
                "sha256:d33e2f88e1d4b15844cfed2bb6e90612525ba2c1af2fb10b4a25b2c89a1fe49a",
                "sha256:d47a0d5b2b9b02f06647d5d7bbb19e237f234d6be91d0e0c935629faacf0797f",
                "sha256:d87c9e8b5aa9a16cefebe017ee45ddfbad53e668f94d01fe2e055bb8daab9353",
                "sha256:e24be22a5d96f3535afa5dd331166b02bf72655ea6ed6a2a0eb548c313548788",
                "sha256:e8b0131006608e533b8eab20078f9e65486068c984ed3efd28413d350d241f44",
                "sha256:ee1a901c287471013570e29cdf5ca7159898af31cf3a582180eadd41c96b42c9",
                "sha256:f10fe89397e8da81026d8143e17fc5c12ae5e66e51753a0f49e1db179c4f7113",
                "sha256:f979e712187796ad57cd0bef76666dd48ed4887104775833c9489ea837144ad8"
            ],
            "index": "pypi",
            "markers": "python_version >= '3.9'",
            "version": "==9.3.0"
        },
        "numpy": {
            "hashes": [
                "sha256:0d54974f9cf14acf49c60f0f7f4084b6579d24d439453d5fc5805d46a165b542",
                "sha256:9ba03692a45d3eef66559efe1d1096c4b9b75c0986b5dff5530c378fb8331d4f"
            ],
            "markers": "python_version >= '3.10'",
            "version": "==2.2.4"
        },
        "packaging": {
            "hashes": [
                "sha256:29572ef2b1f17581046b3a2227d5c611fb25ec70ca1ba8554b24b0e69331a484",
                "sha256:d443872c98d677bf60f6a1f2f8c1cb748e8fe762d2bf9d3148b5599295b0fc4f"
            ],
            "markers": "python_version >= '3.8'",
            "version": "==25.0"
        },
        "python-dotenv": {
            "hashes": [
                "sha256:41f90bc6f5f177fb41f53e87666db362025010eb28f60a01c9143bfa33a2b2d5",
                "sha256:d7c01d9e2293916c18baf562d95698754b0dbbb5e74d457c45d4f6561fb9d55d"
            ],
            "index": "pypi",
            "markers": "python_version >= '3.9'",
            "version": "==1.1.0"
        },
        "requests": {
            "hashes": [
                "sha256:55365417734eb18255590a9ff9eb97e9e1da868d4ccd6402399eaf68af20a760",
                "sha256:70761cfe03c773ceb22aa2f671b4757976145175cdfca038c02654d061d6dcc6"
            ],
            "markers": "python_version >= '3.8'",
            "version": "==2.32.3"
        },
        "tzdata": {
            "hashes": [
                "sha256:1a403fada01ff9221ca8044d701868fa132215d84beb92242d9acd2147f667a8",
                "sha256:b60a638fcc0daffadf82fe0f57e53d06bdec2f36c4df66280ae79bce6bd6f2b9"
            ],
            "markers": "platform_system == 'Windows'",
            "version": "==2025.2"
        },
        "tzlocal": {
            "hashes": [
                "sha256:cceffc7edecefea1f595541dbd6e990cb1ea3d19bf01b2809f362a03dd7921fd",
                "sha256:eb1a66c3ef5847adf7a834f1be0800581b683b5608e74f86ecbcef8ab91bb85d"
            ],
            "markers": "python_version >= '3.9'",
            "version": "==5.3.1"
        },
        "urllib3": {
            "hashes": [
                "sha256:414bc6535b787febd7567804cc015fee39daab8ad86268f1310a9250697de466",
                "sha256:4e16665048960a0900c702d4a66415956a584919c03361cac9f1df5c5dd7e813"
            ],
            "markers": "python_version >= '3.9'",
            "version": "==2.4.0"
        },
        "werkzeug": {
            "hashes": [
                "sha256:54b78bf3716d19a65be4fceccc0d1d7b89e608834989dfae50ea87564639213e",
                "sha256:60723ce945c19328679790e3282cc758aa4a6040e4bb330f53d30fa546d44746"
            ],
            "markers": "python_version >= '3.9'",
            "version": "==3.1.3"
        },
        "wtforms": {
            "hashes": [
                "sha256:583bad77ba1dd7286463f21e11aa3043ca4869d03575921d1a1698d0715e0fd4",
                "sha256:df3e6b70f3192e92623128123ec8dca3067df9cfadd43d59681e210cfb8d4682"
            ],
            "markers": "python_version >= '3.9'",
            "version": "==3.2.1"
        },
        "xyzservices": {
            "hashes": [
                "sha256:5cdbb0907c20be1be066c6e2dc69c645842d1113a4e83e642065604a21f254ba",
                "sha256:fa599956c5ab32dad1689960b3bb08fdcdbe0252cc82d84fc60ae415dc648907"
            ],
            "markers": "python_version >= '3.8'",
            "version": "==2025.1.0"
        }
    },
    "develop": {}
}
